// !$*UTF8*$!
{
	archiveVersion = 1;
	classes = {
	};
	objectVersion = 56;
	objects = {

/* Begin PBXBuildFile section */
		9618A5CE2959E41E0042B8AB /* AppDelegate.swift in Sources */ = {isa = PBXBuildFile; fileRef = 9618A5CD2959E41E0042B8AB /* AppDelegate.swift */; };
		9618A5D02959E41E0042B8AB /* SceneDelegate.swift in Sources */ = {isa = PBXBuildFile; fileRef = 9618A5CF2959E41E0042B8AB /* SceneDelegate.swift */; };
		9618A5D22959E41E0042B8AB /* ViewController.swift in Sources */ = {isa = PBXBuildFile; fileRef = 9618A5D12959E41E0042B8AB /* ViewController.swift */; };
		9618A5D52959E41E0042B8AB /* Main.storyboard in Resources */ = {isa = PBXBuildFile; fileRef = 9618A5D32959E41E0042B8AB /* Main.storyboard */; };
		9618A5D72959E41F0042B8AB /* Assets.xcassets in Resources */ = {isa = PBXBuildFile; fileRef = 9618A5D62959E41F0042B8AB /* Assets.xcassets */; };
		9618A5DA2959E41F0042B8AB /* LaunchScreen.storyboard in Resources */ = {isa = PBXBuildFile; fileRef = 9618A5D82959E41F0042B8AB /* LaunchScreen.storyboard */; };
		9618A5E42959E4760042B8AB /* DynamicCell.swift in Sources */ = {isa = PBXBuildFile; fileRef = 9618A5E22959E4760042B8AB /* DynamicCell.swift */; };
		9618A5EC2959EC650042B8AB /* StringCell.swift in Sources */ = {isa = PBXBuildFile; fileRef = 9618A5EA2959EC650042B8AB /* StringCell.swift */; };
		9618A5ED2959EC650042B8AB /* StringCell.xib in Resources */ = {isa = PBXBuildFile; fileRef = 9618A5EB2959EC650042B8AB /* StringCell.xib */; };
		9618A5F22959EDC30042B8AB /* NumberCell.swift in Sources */ = {isa = PBXBuildFile; fileRef = 9618A5F02959EDC30042B8AB /* NumberCell.swift */; };
		9618A5F32959EDC30042B8AB /* NumberCell.xib in Resources */ = {isa = PBXBuildFile; fileRef = 9618A5F12959EDC30042B8AB /* NumberCell.xib */; };
/* End PBXBuildFile section */

/* Begin PBXFileReference section */
		9618A5CA2959E41E0042B8AB /* DynamicCellExample.app */ = {isa = PBXFileReference; explicitFileType = wrapper.application; includeInIndex = 0; path = DynamicCellExample.app; sourceTree = BUILT_PRODUCTS_DIR; };
		9618A5CD2959E41E0042B8AB /* AppDelegate.swift */ = {isa = PBXFileReference; lastKnownFileType = sourcecode.swift; path = AppDelegate.swift; sourceTree = "<group>"; };
		9618A5CF2959E41E0042B8AB /* SceneDelegate.swift */ = {isa = PBXFileReference; lastKnownFileType = sourcecode.swift; path = SceneDelegate.swift; sourceTree = "<group>"; };
		9618A5D12959E41E0042B8AB /* ViewController.swift */ = {isa = PBXFileReference; lastKnownFileType = sourcecode.swift; path = ViewController.swift; sourceTree = "<group>"; };
		9618A5D42959E41E0042B8AB /* Base */ = {isa = PBXFileReference; lastKnownFileType = file.storyboard; name = Base; path = Base.lproj/Main.storyboard; sourceTree = "<group>"; };
		9618A5D62959E41F0042B8AB /* Assets.xcassets */ = {isa = PBXFileReference; lastKnownFileType = folder.assetcatalog; path = Assets.xcassets; sourceTree = "<group>"; };
		9618A5D92959E41F0042B8AB /* Base */ = {isa = PBXFileReference; lastKnownFileType = file.storyboard; name = Base; path = Base.lproj/LaunchScreen.storyboard; sourceTree = "<group>"; };
		9618A5DB2959E41F0042B8AB /* Info.plist */ = {isa = PBXFileReference; lastKnownFileType = text.plist.xml; path = Info.plist; sourceTree = "<group>"; };
		9618A5E22959E4760042B8AB /* DynamicCell.swift */ = {isa = PBXFileReference; lastKnownFileType = sourcecode.swift; path = DynamicCell.swift; sourceTree = "<group>"; };
		9618A5EA2959EC650042B8AB /* StringCell.swift */ = {isa = PBXFileReference; lastKnownFileType = sourcecode.swift; path = StringCell.swift; sourceTree = "<group>"; };
		9618A5EB2959EC650042B8AB /* StringCell.xib */ = {isa = PBXFileReference; lastKnownFileType = file.xib; path = StringCell.xib; sourceTree = "<group>"; };
		9618A5F02959EDC30042B8AB /* NumberCell.swift */ = {isa = PBXFileReference; lastKnownFileType = sourcecode.swift; path = NumberCell.swift; sourceTree = "<group>"; };
		9618A5F12959EDC30042B8AB /* NumberCell.xib */ = {isa = PBXFileReference; lastKnownFileType = file.xib; path = NumberCell.xib; sourceTree = "<group>"; };
/* End PBXFileReference section */

/* Begin PBXFrameworksBuildPhase section */
		9618A5C72959E41E0042B8AB /* Frameworks */ = {
			isa = PBXFrameworksBuildPhase;
			buildActionMask = 2147483647;
			files = (
			);
			runOnlyForDeploymentPostprocessing = 0;
		};
/* End PBXFrameworksBuildPhase section */

/* Begin PBXGroup section */
		9618A5C12959E41E0042B8AB = {
			isa = PBXGroup;
			children = (
				9618A5CC2959E41E0042B8AB /* DynamicCellExample */,
				9618A5CB2959E41E0042B8AB /* Products */,
			);
			sourceTree = "<group>";
		};
		9618A5CB2959E41E0042B8AB /* Products */ = {
			isa = PBXGroup;
			children = (
				9618A5CA2959E41E0042B8AB /* DynamicCellExample.app */,
			);
			name = Products;
			sourceTree = "<group>";
		};
		9618A5CC2959E41E0042B8AB /* DynamicCellExample */ = {
			isa = PBXGroup;
			children = (
				9618A5E12959E4420042B8AB /* Cell */,
				9618A5CD2959E41E0042B8AB /* AppDelegate.swift */,
				9618A5CF2959E41E0042B8AB /* SceneDelegate.swift */,
				9618A5D12959E41E0042B8AB /* ViewController.swift */,
				9618A5D32959E41E0042B8AB /* Main.storyboard */,
				9618A5D62959E41F0042B8AB /* Assets.xcassets */,
				9618A5D82959E41F0042B8AB /* LaunchScreen.storyboard */,
				9618A5DB2959E41F0042B8AB /* Info.plist */,
			);
			path = DynamicCellExample;
			sourceTree = "<group>";
		};
		9618A5E12959E4420042B8AB /* Cell */ = {
			isa = PBXGroup;
			children = (
				9618A5E22959E4760042B8AB /* DynamicCell.swift */,
				9618A5F02959EDC30042B8AB /* NumberCell.swift */,
				9618A5F12959EDC30042B8AB /* NumberCell.xib */,
				9618A5EA2959EC650042B8AB /* StringCell.swift */,
				9618A5EB2959EC650042B8AB /* StringCell.xib */,
			);
			path = Cell;
			sourceTree = "<group>";
		};
/* End PBXGroup section */

/* Begin PBXNativeTarget section */
		9618A5C92959E41E0042B8AB /* DynamicCellExample */ = {
			isa = PBXNativeTarget;
			buildConfigurationList = 9618A5DE2959E41F0042B8AB /* Build configuration list for PBXNativeTarget "DynamicCellExample" */;
			buildPhases = (
				9618A5C62959E41E0042B8AB /* Sources */,
				9618A5C72959E41E0042B8AB /* Frameworks */,
				9618A5C82959E41E0042B8AB /* Resources */,
			);
			buildRules = (
			);
			dependencies = (
			);
			name = DynamicCellExample;
			productName = DynamicCellExample;
			productReference = 9618A5CA2959E41E0042B8AB /* DynamicCellExample.app */;
			productType = "com.apple.product-type.application";
		};
/* End PBXNativeTarget section */

/* Begin PBXProject section */
		9618A5C22959E41E0042B8AB /* Project object */ = {
			isa = PBXProject;
			attributes = {
				BuildIndependentTargetsInParallel = 1;
				LastSwiftUpdateCheck = 1410;
				LastUpgradeCheck = 1410;
				TargetAttributes = {
					9618A5C92959E41E0042B8AB = {
						CreatedOnToolsVersion = 14.1;
					};
				};
			};
			buildConfigurationList = 9618A5C52959E41E0042B8AB /* Build configuration list for PBXProject "DynamicCellExample" */;
			compatibilityVersion = "Xcode 14.0";
			developmentRegion = en;
			hasScannedForEncodings = 0;
			knownRegions = (
				en,
				Base,
			);
			mainGroup = 9618A5C12959E41E0042B8AB;
			productRefGroup = 9618A5CB2959E41E0042B8AB /* Products */;
			projectDirPath = "";
			projectRoot = "";
			targets = (
				9618A5C92959E41E0042B8AB /* DynamicCellExample */,
			);
		};
/* End PBXProject section */

/* Begin PBXResourcesBuildPhase section */
		9618A5C82959E41E0042B8AB /* Resources */ = {
			isa = PBXResourcesBuildPhase;
			buildActionMask = 2147483647;
			files = (
				9618A5F32959EDC30042B8AB /* NumberCell.xib in Resources */,
				9618A5ED2959EC650042B8AB /* StringCell.xib in Resources */,
				9618A5DA2959E41F0042B8AB /* LaunchScreen.storyboard in Resources */,
				9618A5D72959E41F0042B8AB /* Assets.xcassets in Resources */,
				9618A5D52959E41E0042B8AB /* Main.storyboard in Resources */,
			);
			runOnlyForDeploymentPostprocessing = 0;
		};
/* End PBXResourcesBuildPhase section */

/* Begin PBXSourcesBuildPhase section */
		9618A5C62959E41E0042B8AB /* Sources */ = {
			isa = PBXSourcesBuildPhase;
			buildActionMask = 2147483647;
			files = (
				9618A5D22959E41E0042B8AB /* ViewController.swift in Sources */,
				9618A5E42959E4760042B8AB /* DynamicCell.swift in Sources */,
				9618A5F22959EDC30042B8AB /* NumberCell.swift in Sources */,
				9618A5EC2959EC650042B8AB /* StringCell.swift in Sources */,
				9618A5CE2959E41E0042B8AB /* AppDelegate.swift in Sources */,
				9618A5D02959E41E0042B8AB /* SceneDelegate.swift in Sources */,
			);
			runOnlyForDeploymentPostprocessing = 0;
		};
/* End PBXSourcesBuildPhase section */

/* Begin PBXVariantGroup section */
		9618A5D32959E41E0042B8AB /* Main.storyboard */ = {
			isa = PBXVariantGroup;
			children = (
				9618A5D42959E41E0042B8AB /* Base */,
			);
			name = Main.storyboard;
			sourceTree = "<group>";
		};
		9618A5D82959E41F0042B8AB /* LaunchScreen.storyboard */ = {
			isa = PBXVariantGroup;
			children = (
				9618A5D92959E41F0042B8AB /* Base */,
			);
			name = LaunchScreen.storyboard;
			sourceTree = "<group>";
		};
/* End PBXVariantGroup section */

/* Begin XCBuildConfiguration section */
		9618A5DC2959E41F0042B8AB /* Debug */ = {
			isa = XCBuildConfiguration;
			buildSettings = {
				ALWAYS_SEARCH_USER_PATHS = NO;
				CLANG_ANALYZER_NONNULL = YES;
				CLANG_ANALYZER_NUMBER_OBJECT_CONVERSION = YES_AGGRESSIVE;
				CLANG_CXX_LANGUAGE_STANDARD = "gnu++20";
				CLANG_ENABLE_MODULES = YES;
				CLANG_ENABLE_OBJC_ARC = YES;
				CLANG_ENABLE_OBJC_WEAK = YES;
				CLANG_WARN_BLOCK_CAPTURE_AUTORELEASING = YES;
				CLANG_WARN_BOOL_CONVERSION = YES;
				CLANG_WARN_COMMA = YES;
				CLANG_WARN_CONSTANT_CONVERSION = YES;
				CLANG_WARN_DEPRECATED_OBJC_IMPLEMENTATIONS = YES;
				CLANG_WARN_DIRECT_OBJC_ISA_USAGE = YES_ERROR;
				CLANG_WARN_DOCUMENTATION_COMMENTS = YES;
				CLANG_WARN_EMPTY_BODY = YES;
				CLANG_WARN_ENUM_CONVERSION = YES;
				CLANG_WARN_INFINITE_RECURSION = YES;
				CLANG_WARN_INT_CONVERSION = YES;
				CLANG_WARN_NON_LITERAL_NULL_CONVERSION = YES;
				CLANG_WARN_OBJC_IMPLICIT_RETAIN_SELF = YES;
				CLANG_WARN_OBJC_LITERAL_CONVERSION = YES;
				CLANG_WARN_OBJC_ROOT_CLASS = YES_ERROR;
				CLANG_WARN_QUOTED_INCLUDE_IN_FRAMEWORK_HEADER = YES;
				CLANG_WARN_RANGE_LOOP_ANALYSIS = YES;
				CLANG_WARN_STRICT_PROTOTYPES = YES;
				CLANG_WARN_SUSPICIOUS_MOVE = YES;
				CLANG_WARN_UNGUARDED_AVAILABILITY = YES_AGGRESSIVE;
				CLANG_WARN_UNREACHABLE_CODE = YES;
				CLANG_WARN__DUPLICATE_METHOD_MATCH = YES;
				COPY_PHASE_STRIP = NO;
				DEBUG_INFORMATION_FORMAT = dwarf;
				ENABLE_STRICT_OBJC_MSGSEND = YES;
				ENABLE_TESTABILITY = YES;
				GCC_C_LANGUAGE_STANDARD = gnu11;
				GCC_DYNAMIC_NO_PIC = NO;
				GCC_NO_COMMON_BLOCKS = YES;
				GCC_OPTIMIZATION_LEVEL = 0;
				GCC_PREPROCESSOR_DEFINITIONS = (
					"DEBUG=1",
					"$(inherited)",
				);
				GCC_WARN_64_TO_32_BIT_CONVERSION = YES;
				GCC_WARN_ABOUT_RETURN_TYPE = YES_ERROR;
				GCC_WARN_UNDECLARED_SELECTOR = YES;
				GCC_WARN_UNINITIALIZED_AUTOS = YES_AGGRESSIVE;
				GCC_WARN_UNUSED_FUNCTION = YES;
				GCC_WARN_UNUSED_VARIABLE = YES;
				IPHONEOS_DEPLOYMENT_TARGET = 13.0;
				MTL_ENABLE_DEBUG_INFO = INCLUDE_SOURCE;
				MTL_FAST_MATH = YES;
				ONLY_ACTIVE_ARCH = YES;
				SDKROOT = iphoneos;
				SWIFT_ACTIVE_COMPILATION_CONDITIONS = DEBUG;
				SWIFT_OPTIMIZATION_LEVEL = "-Onone";
			};
			name = Debug;
		};
		9618A5DD2959E41F0042B8AB /* Release */ = {
			isa = XCBuildConfiguration;
			buildSettings = {
				ALWAYS_SEARCH_USER_PATHS = NO;
				CLANG_ANALYZER_NONNULL = YES;
				CLANG_ANALYZER_NUMBER_OBJECT_CONVERSION = YES_AGGRESSIVE;
				CLANG_CXX_LANGUAGE_STANDARD = "gnu++20";
				CLANG_ENABLE_MODULES = YES;
				CLANG_ENABLE_OBJC_ARC = YES;
				CLANG_ENABLE_OBJC_WEAK = YES;
				CLANG_WARN_BLOCK_CAPTURE_AUTORELEASING = YES;
				CLANG_WARN_BOOL_CONVERSION = YES;
				CLANG_WARN_COMMA = YES;
				CLANG_WARN_CONSTANT_CONVERSION = YES;
				CLANG_WARN_DEPRECATED_OBJC_IMPLEMENTATIONS = YES;
				CLANG_WARN_DIRECT_OBJC_ISA_USAGE = YES_ERROR;
				CLANG_WARN_DOCUMENTATION_COMMENTS = YES;
				CLANG_WARN_EMPTY_BODY = YES;
				CLANG_WARN_ENUM_CONVERSION = YES;
				CLANG_WARN_INFINITE_RECURSION = YES;
				CLANG_WARN_INT_CONVERSION = YES;
				CLANG_WARN_NON_LITERAL_NULL_CONVERSION = YES;
				CLANG_WARN_OBJC_IMPLICIT_RETAIN_SELF = YES;
				CLANG_WARN_OBJC_LITERAL_CONVERSION = YES;
				CLANG_WARN_OBJC_ROOT_CLASS = YES_ERROR;
				CLANG_WARN_QUOTED_INCLUDE_IN_FRAMEWORK_HEADER = YES;
				CLANG_WARN_RANGE_LOOP_ANALYSIS = YES;
				CLANG_WARN_STRICT_PROTOTYPES = YES;
				CLANG_WARN_SUSPICIOUS_MOVE = YES;
				CLANG_WARN_UNGUARDED_AVAILABILITY = YES_AGGRESSIVE;
				CLANG_WARN_UNREACHABLE_CODE = YES;
				CLANG_WARN__DUPLICATE_METHOD_MATCH = YES;
				COPY_PHASE_STRIP = NO;
				DEBUG_INFORMATION_FORMAT = "dwarf-with-dsym";
				ENABLE_NS_ASSERTIONS = NO;
				ENABLE_STRICT_OBJC_MSGSEND = YES;
				GCC_C_LANGUAGE_STANDARD = gnu11;
				GCC_NO_COMMON_BLOCKS = YES;
				GCC_WARN_64_TO_32_BIT_CONVERSION = YES;
				GCC_WARN_ABOUT_RETURN_TYPE = YES_ERROR;
				GCC_WARN_UNDECLARED_SELECTOR = YES;
				GCC_WARN_UNINITIALIZED_AUTOS = YES_AGGRESSIVE;
				GCC_WARN_UNUSED_FUNCTION = YES;
				GCC_WARN_UNUSED_VARIABLE = YES;
				IPHONEOS_DEPLOYMENT_TARGET = 13.0;
				MTL_ENABLE_DEBUG_INFO = NO;
				MTL_FAST_MATH = YES;
				SDKROOT = iphoneos;
				SWIFT_COMPILATION_MODE = wholemodule;
				SWIFT_OPTIMIZATION_LEVEL = "-O";
				VALIDATE_PRODUCT = YES;
			};
			name = Release;
		};
		9618A5DF2959E41F0042B8AB /* Debug */ = {
			isa = XCBuildConfiguration;
			buildSettings = {
				ASSETCATALOG_COMPILER_APPICON_NAME = AppIcon;
				ASSETCATALOG_COMPILER_GLOBAL_ACCENT_COLOR_NAME = AccentColor;
				CODE_SIGN_STYLE = Automatic;
				CURRENT_PROJECT_VERSION = 1;
				GENERATE_INFOPLIST_FILE = YES;
				INFOPLIST_FILE = DynamicCellExample/Info.plist;
				INFOPLIST_KEY_UIApplicationSupportsIndirectInputEvents = YES;
				INFOPLIST_KEY_UILaunchStoryboardName = LaunchScreen;
				INFOPLIST_KEY_UIMainStoryboardFile = Main;
				INFOPLIST_KEY_UISupportedInterfaceOrientations_iPad = "UIInterfaceOrientationPortrait UIInterfaceOrientationPortraitUpsideDown UIInterfaceOrientationLandscapeLeft UIInterfaceOrientationLandscapeRight";
				INFOPLIST_KEY_UISupportedInterfaceOrientations_iPhone = "UIInterfaceOrientationPortrait UIInterfaceOrientationLandscapeLeft UIInterfaceOrientationLandscapeRight";
				IPHONEOS_DEPLOYMENT_TARGET = 13.0;
				LD_RUNPATH_SEARCH_PATHS = (
					"$(inherited)",
					"@executable_path/Frameworks",
				);
				MARKETING_VERSION = 1.0;
				PRODUCT_BUNDLE_IDENTIFIER = cuong.ios.DynamicCellExample;
				PRODUCT_NAME = "$(TARGET_NAME)";
				SUPPORTED_PLATFORMS = "iphoneos iphonesimulator";
				SUPPORTS_MACCATALYST = NO;
				SUPPORTS_MAC_DESIGNED_FOR_IPHONE_IPAD = NO;
				SWIFT_EMIT_LOC_STRINGS = YES;
				SWIFT_VERSION = 5.0;
				TARGETED_DEVICE_FAMILY = 1;
			};
			name = Debug;
		};
		9618A5E02959E41F0042B8AB /* Release */ = {
			isa = XCBuildConfiguration;
			buildSettings = {
				ASSETCATALOG_COMPILER_APPICON_NAME = AppIcon;
				ASSETCATALOG_COMPILER_GLOBAL_ACCENT_COLOR_NAME = AccentColor;
				CODE_SIGN_STYLE = Automatic;
				CURRENT_PROJECT_VERSION = 1;
				GENERATE_INFOPLIST_FILE = YES;
				INFOPLIST_FILE = DynamicCellExample/Info.plist;
				INFOPLIST_KEY_UIApplicationSupportsIndirectInputEvents = YES;
				INFOPLIST_KEY_UILaunchStoryboardName = LaunchScreen;
				INFOPLIST_KEY_UIMainStoryboardFile = Main;
				INFOPLIST_KEY_UISupportedInterfaceOrientations_iPad = "UIInterfaceOrientationPortrait UIInterfaceOrientationPortraitUpsideDown UIInterfaceOrientationLandscapeLeft UIInterfaceOrientationLandscapeRight";
				INFOPLIST_KEY_UISupportedInterfaceOrientations_iPhone = "UIInterfaceOrientationPortrait UIInterfaceOrientationLandscapeLeft UIInterfaceOrientationLandscapeRight";
				IPHONEOS_DEPLOYMENT_TARGET = 13.0;
				LD_RUNPATH_SEARCH_PATHS = (
					"$(inherited)",
					"@executable_path/Frameworks",
				);
				MARKETING_VERSION = 1.0;
				PRODUCT_BUNDLE_IDENTIFIER = cuong.ios.DynamicCellExample;
				PRODUCT_NAME = "$(TARGET_NAME)";
				SUPPORTED_PLATFORMS = "iphoneos iphonesimulator";
				SUPPORTS_MACCATALYST = NO;
				SUPPORTS_MAC_DESIGNED_FOR_IPHONE_IPAD = NO;
				SWIFT_EMIT_LOC_STRINGS = YES;
				SWIFT_VERSION = 5.0;
				TARGETED_DEVICE_FAMILY = 1;
			};
			name = Release;
		};
/* End XCBuildConfiguration section */

/* Begin XCConfigurationList section */
		9618A5C52959E41E0042B8AB /* Build configuration list for PBXProject "DynamicCellExample" */ = {
			isa = XCConfigurationList;
			buildConfigurations = (
				9618A5DC2959E41F0042B8AB /* Debug */,
				9618A5DD2959E41F0042B8AB /* Release */,
			);
			defaultConfigurationIsVisible = 0;
			defaultConfigurationName = Release;
		};
		9618A5DE2959E41F0042B8AB /* Build configuration list for PBXNativeTarget "DynamicCellExample" */ = {
			isa = XCConfigurationList;
			buildConfigurations = (
				9618A5DF2959E41F0042B8AB /* Debug */,
				9618A5E02959E41F0042B8AB /* Release */,
			);
			defaultConfigurationIsVisible = 0;
			defaultConfigurationName = Release;
		};
/* End XCConfigurationList section */
	};
	rootObject = 9618A5C22959E41E0042B8AB /* Project object */;
}
